
Microsoft Visual Studio Solution File, Format Version 12.00
# Visual Studio Version 17
VisualStudioVersion = 17.0.31903.59
MinimumVisualStudioVersion = 10.0.40219.1
Project("{2150E333-8FDC-42A3-9474-1A3956D46DE8}") = "src", "src", "{827E0CD3-B72D-47B6-A68D-7590B98EB39B}"
EndProject
Project("{FAE04EC0-301F-11D3-BF4B-00C04F79EFBC}") = "SeamQ.Core", "src\SeamQ.Core\SeamQ.Core.csproj", "{C893C81B-70F7-4B4D-9E93-AB8A44ADD144}"
EndProject
Project("{FAE04EC0-301F-11D3-BF4B-00C04F79EFBC}") = "SeamQ.Scanner", "src\SeamQ.Scanner\SeamQ.Scanner.csproj", "{59642B91-7EC9-4A8E-8836-14A1FACC2CD6}"
EndProject
Project("{FAE04EC0-301F-11D3-BF4B-00C04F79EFBC}") = "SeamQ.Detector", "src\SeamQ.Detector\SeamQ.Detector.csproj", "{12F76A78-1BD9-4F6E-8015-52E388690347}"
EndProject
Project("{FAE04EC0-301F-11D3-BF4B-00C04F79EFBC}") = "SeamQ.Generator", "src\SeamQ.Generator\SeamQ.Generator.csproj", "{F00A39E0-AD06-43CC-B3F8-F0E8B7332D07}"
EndProject
Project("{FAE04EC0-301F-11D3-BF4B-00C04F79EFBC}") = "SeamQ.Renderer", "src\SeamQ.Renderer\SeamQ.Renderer.csproj", "{27AF81B8-D518-4A36-80D3-C23D76399247}"
EndProject
Project("{FAE04EC0-301F-11D3-BF4B-00C04F79EFBC}") = "SeamQ.Differ", "src\SeamQ.Differ\SeamQ.Differ.csproj", "{F998FB7C-C01D-4D2F-87E0-7C592F465194}"
EndProject
Project("{FAE04EC0-301F-11D3-BF4B-00C04F79EFBC}") = "SeamQ.Validator", "src\SeamQ.Validator\SeamQ.Validator.csproj", "{9B2C1E77-998E-4E37-8D83-CD8713674D87}"
EndProject
Project("{FAE04EC0-301F-11D3-BF4B-00C04F79EFBC}") = "SeamQ.Cli", "src\SeamQ.Cli\SeamQ.Cli.csproj", "{DFB33B69-9E6A-4DF9-929C-6F29416AA243}"
EndProject
Project("{2150E333-8FDC-42A3-9474-1A3956D46DE8}") = "test", "test", "{0C88DD14-F956-CE84-757C-A364CCF449FC}"
EndProject
Project("{FAE04EC0-301F-11D3-BF4B-00C04F79EFBC}") = "SeamQ.Tests.Unit", "test\SeamQ.Tests.Unit\SeamQ.Tests.Unit.csproj", "{448C6997-7575-454E-B0BF-42ECC022029E}"
EndProject
Project("{FAE04EC0-301F-11D3-BF4B-00C04F79EFBC}") = "SeamQ.Tests.Integration", "test\SeamQ.Tests.Integration\SeamQ.Tests.Integration.csproj", "{A62A0EF8-2D5C-4FAF-9A76-2FCA65BFDA04}"
EndProject
Project("{FAE04EC0-301F-11D3-BF4B-00C04F79EFBC}") = "SeamQ.Tests.E2E", "test\SeamQ.Tests.E2E\SeamQ.Tests.E2E.csproj", "{1338E626-CE17-4E96-A1C7-7F31C96F3297}"
EndProject
Global
	GlobalSection(SolutionConfigurationPlatforms) = preSolution
		Debug|Any CPU = Debug|Any CPU
		Debug|x64 = Debug|x64
		Debug|x86 = Debug|x86
		Release|Any CPU = Release|Any CPU
		Release|x64 = Release|x64
		Release|x86 = Release|x86
	EndGlobalSection
	GlobalSection(ProjectConfigurationPlatforms) = postSolution
		{C893C81B-70F7-4B4D-9E93-AB8A44ADD144}.Debug|Any CPU.ActiveCfg = Debug|Any CPU
		{C893C81B-70F7-4B4D-9E93-AB8A44ADD144}.Debug|Any CPU.Build.0 = Debug|Any CPU
		{C893C81B-70F7-4B4D-9E93-AB8A44ADD144}.Debug|x64.ActiveCfg = Debug|Any CPU
		{C893C81B-70F7-4B4D-9E93-AB8A44ADD144}.Debug|x64.Build.0 = Debug|Any CPU
		{C893C81B-70F7-4B4D-9E93-AB8A44ADD144}.Debug|x86.ActiveCfg = Debug|Any CPU
		{C893C81B-70F7-4B4D-9E93-AB8A44ADD144}.Debug|x86.Build.0 = Debug|Any CPU
		{C893C81B-70F7-4B4D-9E93-AB8A44ADD144}.Release|Any CPU.ActiveCfg = Release|Any CPU
		{C893C81B-70F7-4B4D-9E93-AB8A44ADD144}.Release|Any CPU.Build.0 = Release|Any CPU
		{C893C81B-70F7-4B4D-9E93-AB8A44ADD144}.Release|x64.ActiveCfg = Release|Any CPU
		{C893C81B-70F7-4B4D-9E93-AB8A44ADD144}.Release|x64.Build.0 = Release|Any CPU
		{C893C81B-70F7-4B4D-9E93-AB8A44ADD144}.Release|x86.ActiveCfg = Release|Any CPU
		{C893C81B-70F7-4B4D-9E93-AB8A44ADD144}.Release|x86.Build.0 = Release|Any CPU
		{59642B91-7EC9-4A8E-8836-14A1FACC2CD6}.Debug|Any CPU.ActiveCfg = Debug|Any CPU
		{59642B91-7EC9-4A8E-8836-14A1FACC2CD6}.Debug|Any CPU.Build.0 = Debug|Any CPU
		{59642B91-7EC9-4A8E-8836-14A1FACC2CD6}.Debug|x64.ActiveCfg = Debug|Any CPU
		{59642B91-7EC9-4A8E-8836-14A1FACC2CD6}.Debug|x64.Build.0 = Debug|Any CPU
		{59642B91-7EC9-4A8E-8836-14A1FACC2CD6}.Debug|x86.ActiveCfg = Debug|Any CPU
		{59642B91-7EC9-4A8E-8836-14A1FACC2CD6}.Debug|x86.Build.0 = Debug|Any CPU
		{59642B91-7EC9-4A8E-8836-14A1FACC2CD6}.Release|Any CPU.ActiveCfg = Release|Any CPU
		{59642B91-7EC9-4A8E-8836-14A1FACC2CD6}.Release|Any CPU.Build.0 = Release|Any CPU
		{59642B91-7EC9-4A8E-8836-14A1FACC2CD6}.Release|x64.ActiveCfg = Release|Any CPU
		{59642B91-7EC9-4A8E-8836-14A1FACC2CD6}.Release|x64.Build.0 = Release|Any CPU
		{59642B91-7EC9-4A8E-8836-14A1FACC2CD6}.Release|x86.ActiveCfg = Release|Any CPU
		{59642B91-7EC9-4A8E-8836-14A1FACC2CD6}.Release|x86.Build.0 = Release|Any CPU
		{12F76A78-1BD9-4F6E-8015-52E388690347}.Debug|Any CPU.ActiveCfg = Debug|Any CPU
		{12F76A78-1BD9-4F6E-8015-52E388690347}.Debug|Any CPU.Build.0 = Debug|Any CPU
		{12F76A78-1BD9-4F6E-8015-52E388690347}.Debug|x64.ActiveCfg = Debug|Any CPU
		{12F76A78-1BD9-4F6E-8015-52E388690347}.Debug|x64.Build.0 = Debug|Any CPU
		{12F76A78-1BD9-4F6E-8015-52E388690347}.Debug|x86.ActiveCfg = Debug|Any CPU
		{12F76A78-1BD9-4F6E-8015-52E388690347}.Debug|x86.Build.0 = Debug|Any CPU
		{12F76A78-1BD9-4F6E-8015-52E388690347}.Release|Any CPU.ActiveCfg = Release|Any CPU
		{12F76A78-1BD9-4F6E-8015-52E388690347}.Release|Any CPU.Build.0 = Release|Any CPU
		{12F76A78-1BD9-4F6E-8015-52E388690347}.Release|x64.ActiveCfg = Release|Any CPU
		{12F76A78-1BD9-4F6E-8015-52E388690347}.Release|x64.Build.0 = Release|Any CPU
		{12F76A78-1BD9-4F6E-8015-52E388690347}.Release|x86.ActiveCfg = Release|Any CPU
		{12F76A78-1BD9-4F6E-8015-52E388690347}.Release|x86.Build.0 = Release|Any CPU
		{F00A39E0-AD06-43CC-B3F8-F0E8B7332D07}.Debug|Any CPU.ActiveCfg = Debug|Any CPU
		{F00A39E0-AD06-43CC-B3F8-F0E8B7332D07}.Debug|Any CPU.Build.0 = Debug|Any CPU
		{F00A39E0-AD06-43CC-B3F8-F0E8B7332D07}.Debug|x64.ActiveCfg = Debug|Any CPU
		{F00A39E0-AD06-43CC-B3F8-F0E8B7332D07}.Debug|x64.Build.0 = Debug|Any CPU
		{F00A39E0-AD06-43CC-B3F8-F0E8B7332D07}.Debug|x86.ActiveCfg = Debug|Any CPU
		{F00A39E0-AD06-43CC-B3F8-F0E8B7332D07}.Debug|x86.Build.0 = Debug|Any CPU
		{F00A39E0-AD06-43CC-B3F8-F0E8B7332D07}.Release|Any CPU.ActiveCfg = Release|Any CPU
		{F00A39E0-AD06-43CC-B3F8-F0E8B7332D07}.Release|Any CPU.Build.0 = Release|Any CPU
		{F00A39E0-AD06-43CC-B3F8-F0E8B7332D07}.Release|x64.ActiveCfg = Release|Any CPU
		{F00A39E0-AD06-43CC-B3F8-F0E8B7332D07}.Release|x64.Build.0 = Release|Any CPU
		{F00A39E0-AD06-43CC-B3F8-F0E8B7332D07}.Release|x86.ActiveCfg = Release|Any CPU
		{F00A39E0-AD06-43CC-B3F8-F0E8B7332D07}.Release|x86.Build.0 = Release|Any CPU
		{27AF81B8-D518-4A36-80D3-C23D76399247}.Debug|Any CPU.ActiveCfg = Debug|Any CPU
		{27AF81B8-D518-4A36-80D3-C23D76399247}.Debug|Any CPU.Build.0 = Debug|Any CPU
		{27AF81B8-D518-4A36-80D3-C23D76399247}.Debug|x64.ActiveCfg = Debug|Any CPU
		{27AF81B8-D518-4A36-80D3-C23D76399247}.Debug|x64.Build.0 = Debug|Any CPU
		{27AF81B8-D518-4A36-80D3-C23D76399247}.Debug|x86.ActiveCfg = Debug|Any CPU
		{27AF81B8-D518-4A36-80D3-C23D76399247}.Debug|x86.Build.0 = Debug|Any CPU
		{27AF81B8-D518-4A36-80D3-C23D76399247}.Release|Any CPU.ActiveCfg = Release|Any CPU
		{27AF81B8-D518-4A36-80D3-C23D76399247}.Release|Any CPU.Build.0 = Release|Any CPU
		{27AF81B8-D518-4A36-80D3-C23D76399247}.Release|x64.ActiveCfg = Release|Any CPU
		{27AF81B8-D518-4A36-80D3-C23D76399247}.Release|x64.Build.0 = Release|Any CPU
		{27AF81B8-D518-4A36-80D3-C23D76399247}.Release|x86.ActiveCfg = Release|Any CPU
		{27AF81B8-D518-4A36-80D3-C23D76399247}.Release|x86.Build.0 = Release|Any CPU
		{F998FB7C-C01D-4D2F-87E0-7C592F465194}.Debug|Any CPU.ActiveCfg = Debug|Any CPU
		{F998FB7C-C01D-4D2F-87E0-7C592F465194}.Debug|Any CPU.Build.0 = Debug|Any CPU
		{F998FB7C-C01D-4D2F-87E0-7C592F465194}.Debug|x64.ActiveCfg = Debug|Any CPU
		{F998FB7C-C01D-4D2F-87E0-7C592F465194}.Debug|x64.Build.0 = Debug|Any CPU
		{F998FB7C-C01D-4D2F-87E0-7C592F465194}.Debug|x86.ActiveCfg = Debug|Any CPU
		{F998FB7C-C01D-4D2F-87E0-7C592F465194}.Debug|x86.Build.0 = Debug|Any CPU
		{F998FB7C-C01D-4D2F-87E0-7C592F465194}.Release|Any CPU.ActiveCfg = Release|Any CPU
		{F998FB7C-C01D-4D2F-87E0-7C592F465194}.Release|Any CPU.Build.0 = Release|Any CPU
		{F998FB7C-C01D-4D2F-87E0-7C592F465194}.Release|x64.ActiveCfg = Release|Any CPU
		{F998FB7C-C01D-4D2F-87E0-7C592F465194}.Release|x64.Build.0 = Release|Any CPU
		{F998FB7C-C01D-4D2F-87E0-7C592F465194}.Release|x86.ActiveCfg = Release|Any CPU
		{F998FB7C-C01D-4D2F-87E0-7C592F465194}.Release|x86.Build.0 = Release|Any CPU
		{9B2C1E77-998E-4E37-8D83-CD8713674D87}.Debug|Any CPU.ActiveCfg = Debug|Any CPU
		{9B2C1E77-998E-4E37-8D83-CD8713674D87}.Debug|Any CPU.Build.0 = Debug|Any CPU
		{9B2C1E77-998E-4E37-8D83-CD8713674D87}.Debug|x64.ActiveCfg = Debug|Any CPU
		{9B2C1E77-998E-4E37-8D83-CD8713674D87}.Debug|x64.Build.0 = Debug|Any CPU
		{9B2C1E77-998E-4E37-8D83-CD8713674D87}.Debug|x86.ActiveCfg = Debug|Any CPU
		{9B2C1E77-998E-4E37-8D83-CD8713674D87}.Debug|x86.Build.0 = Debug|Any CPU
		{9B2C1E77-998E-4E37-8D83-CD8713674D87}.Release|Any CPU.ActiveCfg = Release|Any CPU
		{9B2C1E77-998E-4E37-8D83-CD8713674D87}.Release|Any CPU.Build.0 = Release|Any CPU
		{9B2C1E77-998E-4E37-8D83-CD8713674D87}.Release|x64.ActiveCfg = Release|Any CPU
		{9B2C1E77-998E-4E37-8D83-CD8713674D87}.Release|x64.Build.0 = Release|Any CPU
		{9B2C1E77-998E-4E37-8D83-CD8713674D87}.Release|x86.ActiveCfg = Release|Any CPU
		{9B2C1E77-998E-4E37-8D83-CD8713674D87}.Release|x86.Build.0 = Release|Any CPU
		{DFB33B69-9E6A-4DF9-929C-6F29416AA243}.Debug|Any CPU.ActiveCfg = Debug|Any CPU
		{DFB33B69-9E6A-4DF9-929C-6F29416AA243}.Debug|Any CPU.Build.0 = Debug|Any CPU
		{DFB33B69-9E6A-4DF9-929C-6F29416AA243}.Debug|x64.ActiveCfg = Debug|Any CPU
		{DFB33B69-9E6A-4DF9-929C-6F29416AA243}.Debug|x64.Build.0 = Debug|Any CPU
		{DFB33B69-9E6A-4DF9-929C-6F29416AA243}.Debug|x86.ActiveCfg = Debug|Any CPU
		{DFB33B69-9E6A-4DF9-929C-6F29416AA243}.Debug|x86.Build.0 = Debug|Any CPU
		{DFB33B69-9E6A-4DF9-929C-6F29416AA243}.Release|Any CPU.ActiveCfg = Release|Any CPU
		{DFB33B69-9E6A-4DF9-929C-6F29416AA243}.Release|Any CPU.Build.0 = Release|Any CPU
		{DFB33B69-9E6A-4DF9-929C-6F29416AA243}.Release|x64.ActiveCfg = Release|Any CPU
		{DFB33B69-9E6A-4DF9-929C-6F29416AA243}.Release|x64.Build.0 = Release|Any CPU
		{DFB33B69-9E6A-4DF9-929C-6F29416AA243}.Release|x86.ActiveCfg = Release|Any CPU
		{DFB33B69-9E6A-4DF9-929C-6F29416AA243}.Release|x86.Build.0 = Release|Any CPU
		{448C6997-7575-454E-B0BF-42ECC022029E}.Debug|Any CPU.ActiveCfg = Debug|Any CPU
		{448C6997-7575-454E-B0BF-42ECC022029E}.Debug|Any CPU.Build.0 = Debug|Any CPU
		{448C6997-7575-454E-B0BF-42ECC022029E}.Debug|x64.ActiveCfg = Debug|Any CPU
		{448C6997-7575-454E-B0BF-42ECC022029E}.Debug|x64.Build.0 = Debug|Any CPU
		{448C6997-7575-454E-B0BF-42ECC022029E}.Debug|x86.ActiveCfg = Debug|Any CPU
		{448C6997-7575-454E-B0BF-42ECC022029E}.Debug|x86.Build.0 = Debug|Any CPU
		{448C6997-7575-454E-B0BF-42ECC022029E}.Release|Any CPU.ActiveCfg = Release|Any CPU
		{448C6997-7575-454E-B0BF-42ECC022029E}.Release|Any CPU.Build.0 = Release|Any CPU
		{448C6997-7575-454E-B0BF-42ECC022029E}.Release|x64.ActiveCfg = Release|Any CPU
		{448C6997-7575-454E-B0BF-42ECC022029E}.Release|x64.Build.0 = Release|Any CPU
		{448C6997-7575-454E-B0BF-42ECC022029E}.Release|x86.ActiveCfg = Release|Any CPU
		{448C6997-7575-454E-B0BF-42ECC022029E}.Release|x86.Build.0 = Release|Any CPU
		{A62A0EF8-2D5C-4FAF-9A76-2FCA65BFDA04}.Debug|Any CPU.ActiveCfg = Debug|Any CPU
		{A62A0EF8-2D5C-4FAF-9A76-2FCA65BFDA04}.Debug|Any CPU.Build.0 = Debug|Any CPU
		{A62A0EF8-2D5C-4FAF-9A76-2FCA65BFDA04}.Debug|x64.ActiveCfg = Debug|Any CPU
		{A62A0EF8-2D5C-4FAF-9A76-2FCA65BFDA04}.Debug|x64.Build.0 = Debug|Any CPU
		{A62A0EF8-2D5C-4FAF-9A76-2FCA65BFDA04}.Debug|x86.ActiveCfg = Debug|Any CPU
		{A62A0EF8-2D5C-4FAF-9A76-2FCA65BFDA04}.Debug|x86.Build.0 = Debug|Any CPU
		{A62A0EF8-2D5C-4FAF-9A76-2FCA65BFDA04}.Release|Any CPU.ActiveCfg = Release|Any CPU
		{A62A0EF8-2D5C-4FAF-9A76-2FCA65BFDA04}.Release|Any CPU.Build.0 = Release|Any CPU
		{A62A0EF8-2D5C-4FAF-9A76-2FCA65BFDA04}.Release|x64.ActiveCfg = Release|Any CPU
		{A62A0EF8-2D5C-4FAF-9A76-2FCA65BFDA04}.Release|x64.Build.0 = Release|Any CPU
		{A62A0EF8-2D5C-4FAF-9A76-2FCA65BFDA04}.Release|x86.ActiveCfg = Release|Any CPU
		{A62A0EF8-2D5C-4FAF-9A76-2FCA65BFDA04}.Release|x86.Build.0 = Release|Any CPU
		{1338E626-CE17-4E96-A1C7-7F31C96F3297}.Debug|Any CPU.ActiveCfg = Debug|Any CPU
		{1338E626-CE17-4E96-A1C7-7F31C96F3297}.Debug|Any CPU.Build.0 = Debug|Any CPU
		{1338E626-CE17-4E96-A1C7-7F31C96F3297}.Debug|x64.ActiveCfg = Debug|Any CPU
		{1338E626-CE17-4E96-A1C7-7F31C96F3297}.Debug|x64.Build.0 = Debug|Any CPU
		{1338E626-CE17-4E96-A1C7-7F31C96F3297}.Debug|x86.ActiveCfg = Debug|Any CPU
		{1338E626-CE17-4E96-A1C7-7F31C96F3297}.Debug|x86.Build.0 = Debug|Any CPU
		{1338E626-CE17-4E96-A1C7-7F31C96F3297}.Release|Any CPU.ActiveCfg = Release|Any CPU
		{1338E626-CE17-4E96-A1C7-7F31C96F3297}.Release|Any CPU.Build.0 = Release|Any CPU
		{1338E626-CE17-4E96-A1C7-7F31C96F3297}.Release|x64.ActiveCfg = Release|Any CPU
		{1338E626-CE17-4E96-A1C7-7F31C96F3297}.Release|x64.Build.0 = Release|Any CPU
		{1338E626-CE17-4E96-A1C7-7F31C96F3297}.Release|x86.ActiveCfg = Release|Any CPU
		{1338E626-CE17-4E96-A1C7-7F31C96F3297}.Release|x86.Build.0 = Release|Any CPU
	EndGlobalSection
	GlobalSection(SolutionProperties) = preSolution
		HideSolutionNode = FALSE
	EndGlobalSection
	GlobalSection(NestedProjects) = preSolution
		{C893C81B-70F7-4B4D-9E93-AB8A44ADD144} = {827E0CD3-B72D-47B6-A68D-7590B98EB39B}
		{59642B91-7EC9-4A8E-8836-14A1FACC2CD6} = {827E0CD3-B72D-47B6-A68D-7590B98EB39B}
		{12F76A78-1BD9-4F6E-8015-52E388690347} = {827E0CD3-B72D-47B6-A68D-7590B98EB39B}
		{F00A39E0-AD06-43CC-B3F8-F0E8B7332D07} = {827E0CD3-B72D-47B6-A68D-7590B98EB39B}
		{27AF81B8-D518-4A36-80D3-C23D76399247} = {827E0CD3-B72D-47B6-A68D-7590B98EB39B}
		{F998FB7C-C01D-4D2F-87E0-7C592F465194} = {827E0CD3-B72D-47B6-A68D-7590B98EB39B}
		{9B2C1E77-998E-4E37-8D83-CD8713674D87} = {827E0CD3-B72D-47B6-A68D-7590B98EB39B}
		{DFB33B69-9E6A-4DF9-929C-6F29416AA243} = {827E0CD3-B72D-47B6-A68D-7590B98EB39B}
		{448C6997-7575-454E-B0BF-42ECC022029E} = {0C88DD14-F956-CE84-757C-A364CCF449FC}
		{A62A0EF8-2D5C-4FAF-9A76-2FCA65BFDA04} = {0C88DD14-F956-CE84-757C-A364CCF449FC}
		{1338E626-CE17-4E96-A1C7-7F31C96F3297} = {0C88DD14-F956-CE84-757C-A364CCF449FC}
	EndGlobalSection
EndGlobal
